{
  "name": "robot-mock-service",
  "version": "1.0.0",
  "lockfileVersion": 1,
  "requires": true,
  "dependencies": {
    "bot-control-core": {
      "version": "file:../bot-control-core",
      "requires": {
        "express": "^4.16.4",
        "joi": "^14.3.1",
        "mosca": "^2.8.3",
        "request": "^2.88.0",
        "request-promise": "^4.2.4"
      }
    }
  }
}
